
Microsoft Visual Studio Solution File, Format Version 12.00
# Visual Studio 2013
VisualStudioVersion = 12.0.31101.0
MinimumVisualStudioVersion = 10.0.40219.1
Project("{FAE04EC0-301F-11D3-BF4B-00C04F79EFBC}") = "JDunkerley.Parser", "Parser\JDunkerley.Parser.csproj", "{E6EA141D-9D05-4E69-AB8B-CB4A9D2B94B5}"
EndProject
Project("{FAE04EC0-301F-11D3-BF4B-00C04F79EFBC}") = "Grapher", "Grapher\Grapher.csproj", "{A9D32E97-5175-4790-9AA6-B9913550A67C}"
EndProject
Project("{FAE04EC0-301F-11D3-BF4B-00C04F79EFBC}") = "ParserTests", "ParserTests\ParserTests.csproj", "{EBD7B31E-0567-42CA-93E6-9056157C65BB}"
EndProject
Project("{2150E333-8FDC-42A3-9474-1A3956D46DE8}") = "Solution Items", "Solution Items", "{FFB4B282-7DE2-48CE-844A-263E66C1DCE4}"
	ProjectSection(SolutionItems) = preProject
		ExpressionParser.vsmdi = ExpressionParser.vsmdi
		Local.testsettings = Local.testsettings
		TraceAndTestImpact.testsettings = TraceAndTestImpact.testsettings
	EndProjectSection
EndProject
Project("{FAE04EC0-301F-11D3-BF4B-00C04F79EFBC}") = "JDunkerley.ExpressionParser", "JDunkerley.ExpressionParser\JDunkerley.ExpressionParser.csproj", "{A3D6E670-63B3-47ED-8D4F-BC137BA26238}"
EndProject
Project("{FAE04EC0-301F-11D3-BF4B-00C04F79EFBC}") = "JDunkerley.ExpressionParser.Tests", "JDunkerley.ExpressionParser.Tests\JDunkerley.ExpressionParser.Tests.csproj", "{76C539BF-DDF9-438D-B7BE-F892FD0CBF22}"
EndProject
Global
	GlobalSection(SolutionConfigurationPlatforms) = preSolution
		Debug|Any CPU = Debug|Any CPU
		Debug|ARM = Debug|ARM
		Debug|Mixed Platforms = Debug|Mixed Platforms
		Debug|x64 = Debug|x64
		Debug|x86 = Debug|x86
		Release|Any CPU = Release|Any CPU
		Release|ARM = Release|ARM
		Release|Mixed Platforms = Release|Mixed Platforms
		Release|x64 = Release|x64
		Release|x86 = Release|x86
	EndGlobalSection
	GlobalSection(ProjectConfigurationPlatforms) = postSolution
		{E6EA141D-9D05-4E69-AB8B-CB4A9D2B94B5}.Debug|Any CPU.ActiveCfg = Debug|Any CPU
		{E6EA141D-9D05-4E69-AB8B-CB4A9D2B94B5}.Debug|Any CPU.Build.0 = Debug|Any CPU
		{E6EA141D-9D05-4E69-AB8B-CB4A9D2B94B5}.Debug|ARM.ActiveCfg = Debug|Any CPU
		{E6EA141D-9D05-4E69-AB8B-CB4A9D2B94B5}.Debug|Mixed Platforms.ActiveCfg = Debug|Any CPU
		{E6EA141D-9D05-4E69-AB8B-CB4A9D2B94B5}.Debug|Mixed Platforms.Build.0 = Debug|Any CPU
		{E6EA141D-9D05-4E69-AB8B-CB4A9D2B94B5}.Debug|x64.ActiveCfg = Debug|Any CPU
		{E6EA141D-9D05-4E69-AB8B-CB4A9D2B94B5}.Debug|x86.ActiveCfg = Debug|Any CPU
		{E6EA141D-9D05-4E69-AB8B-CB4A9D2B94B5}.Release|Any CPU.ActiveCfg = Release|Any CPU
		{E6EA141D-9D05-4E69-AB8B-CB4A9D2B94B5}.Release|Any CPU.Build.0 = Release|Any CPU
		{E6EA141D-9D05-4E69-AB8B-CB4A9D2B94B5}.Release|ARM.ActiveCfg = Release|Any CPU
		{E6EA141D-9D05-4E69-AB8B-CB4A9D2B94B5}.Release|Mixed Platforms.ActiveCfg = Release|Any CPU
		{E6EA141D-9D05-4E69-AB8B-CB4A9D2B94B5}.Release|Mixed Platforms.Build.0 = Release|Any CPU
		{E6EA141D-9D05-4E69-AB8B-CB4A9D2B94B5}.Release|x64.ActiveCfg = Release|Any CPU
		{E6EA141D-9D05-4E69-AB8B-CB4A9D2B94B5}.Release|x86.ActiveCfg = Release|Any CPU
		{A9D32E97-5175-4790-9AA6-B9913550A67C}.Debug|Any CPU.ActiveCfg = Debug|x86
		{A9D32E97-5175-4790-9AA6-B9913550A67C}.Debug|ARM.ActiveCfg = Debug|x86
		{A9D32E97-5175-4790-9AA6-B9913550A67C}.Debug|Mixed Platforms.ActiveCfg = Debug|x86
		{A9D32E97-5175-4790-9AA6-B9913550A67C}.Debug|Mixed Platforms.Build.0 = Debug|x86
		{A9D32E97-5175-4790-9AA6-B9913550A67C}.Debug|x64.ActiveCfg = Debug|x86
		{A9D32E97-5175-4790-9AA6-B9913550A67C}.Debug|x86.ActiveCfg = Debug|x86
		{A9D32E97-5175-4790-9AA6-B9913550A67C}.Debug|x86.Build.0 = Debug|x86
		{A9D32E97-5175-4790-9AA6-B9913550A67C}.Release|Any CPU.ActiveCfg = Release|x86
		{A9D32E97-5175-4790-9AA6-B9913550A67C}.Release|ARM.ActiveCfg = Release|x86
		{A9D32E97-5175-4790-9AA6-B9913550A67C}.Release|Mixed Platforms.ActiveCfg = Release|x86
		{A9D32E97-5175-4790-9AA6-B9913550A67C}.Release|Mixed Platforms.Build.0 = Release|x86
		{A9D32E97-5175-4790-9AA6-B9913550A67C}.Release|x64.ActiveCfg = Release|x86
		{A9D32E97-5175-4790-9AA6-B9913550A67C}.Release|x86.ActiveCfg = Release|x86
		{A9D32E97-5175-4790-9AA6-B9913550A67C}.Release|x86.Build.0 = Release|x86
		{EBD7B31E-0567-42CA-93E6-9056157C65BB}.Debug|Any CPU.ActiveCfg = Debug|Any CPU
		{EBD7B31E-0567-42CA-93E6-9056157C65BB}.Debug|Any CPU.Build.0 = Debug|Any CPU
		{EBD7B31E-0567-42CA-93E6-9056157C65BB}.Debug|ARM.ActiveCfg = Debug|Any CPU
		{EBD7B31E-0567-42CA-93E6-9056157C65BB}.Debug|Mixed Platforms.ActiveCfg = Debug|Any CPU
		{EBD7B31E-0567-42CA-93E6-9056157C65BB}.Debug|Mixed Platforms.Build.0 = Debug|Any CPU
		{EBD7B31E-0567-42CA-93E6-9056157C65BB}.Debug|x64.ActiveCfg = Debug|Any CPU
		{EBD7B31E-0567-42CA-93E6-9056157C65BB}.Debug|x86.ActiveCfg = Debug|Any CPU
		{EBD7B31E-0567-42CA-93E6-9056157C65BB}.Release|Any CPU.ActiveCfg = Release|Any CPU
		{EBD7B31E-0567-42CA-93E6-9056157C65BB}.Release|Any CPU.Build.0 = Release|Any CPU
		{EBD7B31E-0567-42CA-93E6-9056157C65BB}.Release|ARM.ActiveCfg = Release|Any CPU
		{EBD7B31E-0567-42CA-93E6-9056157C65BB}.Release|Mixed Platforms.ActiveCfg = Release|Any CPU
		{EBD7B31E-0567-42CA-93E6-9056157C65BB}.Release|Mixed Platforms.Build.0 = Release|Any CPU
		{EBD7B31E-0567-42CA-93E6-9056157C65BB}.Release|x64.ActiveCfg = Release|Any CPU
		{EBD7B31E-0567-42CA-93E6-9056157C65BB}.Release|x86.ActiveCfg = Release|Any CPU
		{A3D6E670-63B3-47ED-8D4F-BC137BA26238}.Debug|Any CPU.ActiveCfg = Debug|Any CPU
		{A3D6E670-63B3-47ED-8D4F-BC137BA26238}.Debug|Any CPU.Build.0 = Debug|Any CPU
		{A3D6E670-63B3-47ED-8D4F-BC137BA26238}.Debug|ARM.ActiveCfg = Debug|Any CPU
		{A3D6E670-63B3-47ED-8D4F-BC137BA26238}.Debug|Mixed Platforms.ActiveCfg = Debug|Any CPU
		{A3D6E670-63B3-47ED-8D4F-BC137BA26238}.Debug|Mixed Platforms.Build.0 = Debug|Any CPU
		{A3D6E670-63B3-47ED-8D4F-BC137BA26238}.Debug|x64.ActiveCfg = Debug|Any CPU
		{A3D6E670-63B3-47ED-8D4F-BC137BA26238}.Debug|x86.ActiveCfg = Debug|Any CPU
		{A3D6E670-63B3-47ED-8D4F-BC137BA26238}.Release|Any CPU.ActiveCfg = Release|Any CPU
		{A3D6E670-63B3-47ED-8D4F-BC137BA26238}.Release|Any CPU.Build.0 = Release|Any CPU
		{A3D6E670-63B3-47ED-8D4F-BC137BA26238}.Release|ARM.ActiveCfg = Release|Any CPU
		{A3D6E670-63B3-47ED-8D4F-BC137BA26238}.Release|Mixed Platforms.ActiveCfg = Release|Any CPU
		{A3D6E670-63B3-47ED-8D4F-BC137BA26238}.Release|Mixed Platforms.Build.0 = Release|Any CPU
		{A3D6E670-63B3-47ED-8D4F-BC137BA26238}.Release|x64.ActiveCfg = Release|Any CPU
		{A3D6E670-63B3-47ED-8D4F-BC137BA26238}.Release|x86.ActiveCfg = Release|Any CPU
		{76C539BF-DDF9-438D-B7BE-F892FD0CBF22}.Debug|Any CPU.ActiveCfg = Debug|Any CPU
		{76C539BF-DDF9-438D-B7BE-F892FD0CBF22}.Debug|Any CPU.Build.0 = Debug|Any CPU
		{76C539BF-DDF9-438D-B7BE-F892FD0CBF22}.Debug|ARM.ActiveCfg = Debug|Any CPU
		{76C539BF-DDF9-438D-B7BE-F892FD0CBF22}.Debug|Mixed Platforms.ActiveCfg = Debug|Any CPU
		{76C539BF-DDF9-438D-B7BE-F892FD0CBF22}.Debug|Mixed Platforms.Build.0 = Debug|Any CPU
		{76C539BF-DDF9-438D-B7BE-F892FD0CBF22}.Debug|x64.ActiveCfg = Debug|Any CPU
		{76C539BF-DDF9-438D-B7BE-F892FD0CBF22}.Debug|x86.ActiveCfg = Debug|Any CPU
		{76C539BF-DDF9-438D-B7BE-F892FD0CBF22}.Release|Any CPU.ActiveCfg = Release|Any CPU
		{76C539BF-DDF9-438D-B7BE-F892FD0CBF22}.Release|Any CPU.Build.0 = Release|Any CPU
		{76C539BF-DDF9-438D-B7BE-F892FD0CBF22}.Release|ARM.ActiveCfg = Release|Any CPU
		{76C539BF-DDF9-438D-B7BE-F892FD0CBF22}.Release|Mixed Platforms.ActiveCfg = Release|Any CPU
		{76C539BF-DDF9-438D-B7BE-F892FD0CBF22}.Release|Mixed Platforms.Build.0 = Release|Any CPU
		{76C539BF-DDF9-438D-B7BE-F892FD0CBF22}.Release|x64.ActiveCfg = Release|Any CPU
		{76C539BF-DDF9-438D-B7BE-F892FD0CBF22}.Release|x86.ActiveCfg = Release|Any CPU
	EndGlobalSection
	GlobalSection(SolutionProperties) = preSolution
		HideSolutionNode = FALSE
	EndGlobalSection
	GlobalSection(TestCaseManagementSettings) = postSolution
		CategoryFile = ExpressionParser.vsmdi
	EndGlobalSection
EndGlobal
